
Microsoft Visual Studio Solution File, Format Version 12.00
# Visual Studio Version 17
VisualStudioVersion = 17.9.34723.18
MinimumVisualStudioVersion = 10.0.40219.1
Project("{FAE04EC0-301F-11D3-BF4B-00C04F79EFBC}") = "Geometric-shapes-calculator_area", "Geometric-shapes-calculator\Geometric-shapes-calculator_area.csproj", "{238937CD-9F47-423C-8DAE-E29C5284A521}"
EndProject
Global
	GlobalSection(SolutionConfigurationPlatforms) = preSolution
		Debug|Any CPU = Debug|Any CPU
		Release|Any CPU = Release|Any CPU
	EndGlobalSection
	GlobalSection(ProjectConfigurationPlatforms) = postSolution
		{238937CD-9F47-423C-8DAE-E29C5284A521}.Debug|Any CPU.ActiveCfg = Debug|Any CPU
		{238937CD-9F47-423C-8DAE-E29C5284A521}.Debug|Any CPU.Build.0 = Debug|Any CPU
		{238937CD-9F47-423C-8DAE-E29C5284A521}.Release|Any CPU.ActiveCfg = Release|Any CPU
		{238937CD-9F47-423C-8DAE-E29C5284A521}.Release|Any CPU.Build.0 = Release|Any CPU
	EndGlobalSection
	GlobalSection(SolutionProperties) = preSolution
		HideSolutionNode = FALSE
	EndGlobalSection
	GlobalSection(ExtensibilityGlobals) = postSolution
		SolutionGuid = {A470D4CD-3B07-4D2A-A5EE-6BF58C0D4F7E}
	EndGlobalSection
EndGlobal
